// !$*UTF8*$!
{
	archiveVersion = 1;
	classes = {
	};
	objectVersion = 50;
	objects = {

/* Begin PBXBuildFile section */
		784E4690214EECA600A6FE9D /* VenueTableViewController.swift in Sources */ = {isa = PBXBuildFile; fileRef = 784E468F214EECA600A6FE9D /* VenueTableViewController.swift */; };
		788F5FC02157EB9600904829 /* EventTableViewController.swift in Sources */ = {isa = PBXBuildFile; fileRef = 788F5FBF2157EB9600904829 /* EventTableViewController.swift */; };
		78988CED214EC93100A2EFE5 /* AppDelegate.swift in Sources */ = {isa = PBXBuildFile; fileRef = 78988CEC214EC93100A2EFE5 /* AppDelegate.swift */; };
		78988CF2214EC93100A2EFE5 /* Main.storyboard in Resources */ = {isa = PBXBuildFile; fileRef = 78988CF0214EC93100A2EFE5 /* Main.storyboard */; };
		78988CF5214EC93100A2EFE5 /* MogenTest.xcdatamodeld in Sources */ = {isa = PBXBuildFile; fileRef = 78988CF3214EC93100A2EFE5 /* MogenTest.xcdatamodeld */; };
		78988CF7214EC93200A2EFE5 /* Assets.xcassets in Resources */ = {isa = PBXBuildFile; fileRef = 78988CF6214EC93200A2EFE5 /* Assets.xcassets */; };
		78988CFA214EC93200A2EFE5 /* LaunchScreen.storyboard in Resources */ = {isa = PBXBuildFile; fileRef = 78988CF8214EC93200A2EFE5 /* LaunchScreen.storyboard */; };
		78988D05214EC93300A2EFE5 /* MogenTestTests.swift in Sources */ = {isa = PBXBuildFile; fileRef = 78988D04214EC93300A2EFE5 /* MogenTestTests.swift */; };
/* End PBXBuildFile section */

/* Begin PBXContainerItemProxy section */
		78988D01214EC93300A2EFE5 /* PBXContainerItemProxy */ = {
			isa = PBXContainerItemProxy;
			containerPortal = 78988CE1214EC93100A2EFE5 /* Project object */;
			proxyType = 1;
			remoteGlobalIDString = 78988CE8214EC93100A2EFE5;
			remoteInfo = MogenTest;
		};
/* End PBXContainerItemProxy section */

/* Begin PBXFileReference section */
		784E468F214EECA600A6FE9D /* VenueTableViewController.swift */ = {isa = PBXFileReference; lastKnownFileType = sourcecode.swift; path = VenueTableViewController.swift; sourceTree = "<group>"; };
		788F5FBF2157EB9600904829 /* EventTableViewController.swift */ = {isa = PBXFileReference; lastKnownFileType = sourcecode.swift; path = EventTableViewController.swift; sourceTree = "<group>"; };
		78988CE9214EC93100A2EFE5 /* MogenTest.app */ = {isa = PBXFileReference; explicitFileType = wrapper.application; includeInIndex = 0; path = MogenTest.app; sourceTree = BUILT_PRODUCTS_DIR; };
		78988CEC214EC93100A2EFE5 /* AppDelegate.swift */ = {isa = PBXFileReference; lastKnownFileType = sourcecode.swift; path = AppDelegate.swift; sourceTree = "<group>"; };
		78988CF1214EC93100A2EFE5 /* Base */ = {isa = PBXFileReference; lastKnownFileType = file.storyboard; name = Base; path = Base.lproj/Main.storyboard; sourceTree = "<group>"; };
		78988CF4214EC93100A2EFE5 /* MogenTest.xcdatamodel */ = {isa = PBXFileReference; lastKnownFileType = wrapper.xcdatamodel; path = MogenTest.xcdatamodel; sourceTree = "<group>"; };
		78988CF6214EC93200A2EFE5 /* Assets.xcassets */ = {isa = PBXFileReference; lastKnownFileType = folder.assetcatalog; path = Assets.xcassets; sourceTree = "<group>"; };
		78988CF9214EC93200A2EFE5 /* Base */ = {isa = PBXFileReference; lastKnownFileType = file.storyboard; name = Base; path = Base.lproj/LaunchScreen.storyboard; sourceTree = "<group>"; };
		78988CFB214EC93200A2EFE5 /* Info.plist */ = {isa = PBXFileReference; lastKnownFileType = text.plist.xml; path = Info.plist; sourceTree = "<group>"; };
		78988D00214EC93300A2EFE5 /* MogenTestTests.xctest */ = {isa = PBXFileReference; explicitFileType = wrapper.cfbundle; includeInIndex = 0; path = MogenTestTests.xctest; sourceTree = BUILT_PRODUCTS_DIR; };
		78988D04214EC93300A2EFE5 /* MogenTestTests.swift */ = {isa = PBXFileReference; lastKnownFileType = sourcecode.swift; path = MogenTestTests.swift; sourceTree = "<group>"; };
		78988D06214EC93300A2EFE5 /* Info.plist */ = {isa = PBXFileReference; lastKnownFileType = text.plist.xml; path = Info.plist; sourceTree = "<group>"; };
/* End PBXFileReference section */

/* Begin PBXFrameworksBuildPhase section */
		78988CE6214EC93100A2EFE5 /* Frameworks */ = {
			isa = PBXFrameworksBuildPhase;
			buildActionMask = 2147483647;
			files = (
			);
			runOnlyForDeploymentPostprocessing = 0;
		};
		78988CFD214EC93300A2EFE5 /* Frameworks */ = {
			isa = PBXFrameworksBuildPhase;
			buildActionMask = 2147483647;
			files = (
			);
			runOnlyForDeploymentPostprocessing = 0;
		};
/* End PBXFrameworksBuildPhase section */

/* Begin PBXGroup section */
		78988CE0214EC93100A2EFE5 = {
			isa = PBXGroup;
			children = (
				78988CEB214EC93100A2EFE5 /* MogenTest */,
				78988D03214EC93300A2EFE5 /* MogenTestTests */,
				78988CEA214EC93100A2EFE5 /* Products */,
			);
			sourceTree = "<group>";
		};
		78988CEA214EC93100A2EFE5 /* Products */ = {
			isa = PBXGroup;
			children = (
				78988CE9214EC93100A2EFE5 /* MogenTest.app */,
				78988D00214EC93300A2EFE5 /* MogenTestTests.xctest */,
			);
			name = Products;
			sourceTree = "<group>";
		};
		78988CEB214EC93100A2EFE5 /* MogenTest */ = {
			isa = PBXGroup;
			children = (
				78988CEC214EC93100A2EFE5 /* AppDelegate.swift */,
				78988CF0214EC93100A2EFE5 /* Main.storyboard */,
				78988CF6214EC93200A2EFE5 /* Assets.xcassets */,
				78988CF8214EC93200A2EFE5 /* LaunchScreen.storyboard */,
				78988CFB214EC93200A2EFE5 /* Info.plist */,
				78988CF3214EC93100A2EFE5 /* MogenTest.xcdatamodeld */,
				784E468F214EECA600A6FE9D /* VenueTableViewController.swift */,
				788F5FBF2157EB9600904829 /* EventTableViewController.swift */,
			);
			path = MogenTest;
			sourceTree = "<group>";
		};
		78988D03214EC93300A2EFE5 /* MogenTestTests */ = {
			isa = PBXGroup;
			children = (
				78988D04214EC93300A2EFE5 /* MogenTestTests.swift */,
				78988D06214EC93300A2EFE5 /* Info.plist */,
			);
			path = MogenTestTests;
			sourceTree = "<group>";
		};
/* End PBXGroup section */

/* Begin PBXNativeTarget section */
		78988CE8214EC93100A2EFE5 /* MogenTest */ = {
			isa = PBXNativeTarget;
			buildConfigurationList = 78988D09214EC93300A2EFE5 /* Build configuration list for PBXNativeTarget "MogenTest" */;
			buildPhases = (
				78988CE5214EC93100A2EFE5 /* Sources */,
				78988CE6214EC93100A2EFE5 /* Frameworks */,
				78988CE7214EC93100A2EFE5 /* Resources */,
			);
			buildRules = (
			);
			dependencies = (
			);
			name = MogenTest;
			productName = MogenTest;
			productReference = 78988CE9214EC93100A2EFE5 /* MogenTest.app */;
			productType = "com.apple.product-type.application";
		};
		78988CFF214EC93300A2EFE5 /* MogenTestTests */ = {
			isa = PBXNativeTarget;
			buildConfigurationList = 78988D0C214EC93300A2EFE5 /* Build configuration list for PBXNativeTarget "MogenTestTests" */;
			buildPhases = (
				78988CFC214EC93300A2EFE5 /* Sources */,
				78988CFD214EC93300A2EFE5 /* Frameworks */,
				78988CFE214EC93300A2EFE5 /* Resources */,
			);
			buildRules = (
			);
			dependencies = (
				78988D02214EC93300A2EFE5 /* PBXTargetDependency */,
			);
			name = MogenTestTests;
			productName = MogenTestTests;
			productReference = 78988D00214EC93300A2EFE5 /* MogenTestTests.xctest */;
			productType = "com.apple.product-type.bundle.unit-test";
		};
/* End PBXNativeTarget section */

/* Begin PBXProject section */
		78988CE1214EC93100A2EFE5 /* Project object */ = {
			isa = PBXProject;
			attributes = {
				LastSwiftUpdateCheck = 1000;
				LastUpgradeCheck = 1000;
				ORGANIZATIONNAME = willtellis;
				TargetAttributes = {
					78988CE8214EC93100A2EFE5 = {
						CreatedOnToolsVersion = 10.0;
					};
					78988CFF214EC93300A2EFE5 = {
						CreatedOnToolsVersion = 10.0;
						TestTargetID = 78988CE8214EC93100A2EFE5;
					};
				};
			};
			buildConfigurationList = 78988CE4214EC93100A2EFE5 /* Build configuration list for PBXProject "MogenTest" */;
			compatibilityVersion = "Xcode 9.3";
			developmentRegion = en;
			hasScannedForEncodings = 0;
			knownRegions = (
				en,
				Base,
			);
			mainGroup = 78988CE0214EC93100A2EFE5;
			productRefGroup = 78988CEA214EC93100A2EFE5 /* Products */;
			projectDirPath = "";
			projectRoot = "";
			targets = (
				78988CE8214EC93100A2EFE5 /* MogenTest */,
				78988CFF214EC93300A2EFE5 /* MogenTestTests */,
			);
		};
/* End PBXProject section */

/* Begin PBXResourcesBuildPhase section */
		78988CE7214EC93100A2EFE5 /* Resources */ = {
			isa = PBXResourcesBuildPhase;
			buildActionMask = 2147483647;
			files = (
				78988CFA214EC93200A2EFE5 /* LaunchScreen.storyboard in Resources */,
				78988CF7214EC93200A2EFE5 /* Assets.xcassets in Resources */,
				78988CF2214EC93100A2EFE5 /* Main.storyboard in Resources */,
			);
			runOnlyForDeploymentPostprocessing = 0;
		};
		78988CFE214EC93300A2EFE5 /* Resources */ = {
			isa = PBXResourcesBuildPhase;
			buildActionMask = 2147483647;
			files = (
			);
			runOnlyForDeploymentPostprocessing = 0;
		};
/* End PBXResourcesBuildPhase section */

/* Begin PBXSourcesBuildPhase section */
		78988CE5214EC93100A2EFE5 /* Sources */ = {
			isa = PBXSourcesBuildPhase;
			buildActionMask = 2147483647;
			files = (
				784E4690214EECA600A6FE9D /* VenueTableViewController.swift in Sources */,
				78988CF5214EC93100A2EFE5 /* MogenTest.xcdatamodeld in Sources */,
				788F5FC02157EB9600904829 /* EventTableViewController.swift in Sources */,
				78988CED214EC93100A2EFE5 /* AppDelegate.swift in Sources */,
			);
			runOnlyForDeploymentPostprocessing = 0;
		};
		78988CFC214EC93300A2EFE5 /* Sources */ = {
			isa = PBXSourcesBuildPhase;
			buildActionMask = 2147483647;
			files = (
				78988D05214EC93300A2EFE5 /* MogenTestTests.swift in Sources */,
			);
			runOnlyForDeploymentPostprocessing = 0;
		};
/* End PBXSourcesBuildPhase section */

/* Begin PBXTargetDependency section */
		78988D02214EC93300A2EFE5 /* PBXTargetDependency */ = {
			isa = PBXTargetDependency;
			target = 78988CE8214EC93100A2EFE5 /* MogenTest */;
			targetProxy = 78988D01214EC93300A2EFE5 /* PBXContainerItemProxy */;
		};
/* End PBXTargetDependency section */

/* Begin PBXVariantGroup section */
		78988CF0214EC93100A2EFE5 /* Main.storyboard */ = {
			isa = PBXVariantGroup;
			children = (
				78988CF1214EC93100A2EFE5 /* Base */,
			);
			name = Main.storyboard;
			sourceTree = "<group>";
		};
		78988CF8214EC93200A2EFE5 /* LaunchScreen.storyboard */ = {
			isa = PBXVariantGroup;
			children = (
				78988CF9214EC93200A2EFE5 /* Base */,
			);
			name = LaunchScreen.storyboard;
			sourceTree = "<group>";
		};
/* End PBXVariantGroup section */

/* Begin XCBuildConfiguration section */
		78988D07214EC93300A2EFE5 /* Debug */ = {
			isa = XCBuildConfiguration;
			buildSettings = {
				ALWAYS_SEARCH_USER_PATHS = NO;
				CLANG_ANALYZER_NONNULL = YES;
				CLANG_ANALYZER_NUMBER_OBJECT_CONVERSION = YES_AGGRESSIVE;
				CLANG_CXX_LANGUAGE_STANDARD = "gnu++14";
				CLANG_CXX_LIBRARY = "libc++";
				CLANG_ENABLE_MODULES = YES;
				CLANG_ENABLE_OBJC_ARC = YES;
				CLANG_ENABLE_OBJC_WEAK = YES;
				CLANG_WARN_BLOCK_CAPTURE_AUTORELEASING = YES;
				CLANG_WARN_BOOL_CONVERSION = YES;
				CLANG_WARN_COMMA = YES;
				CLANG_WARN_CONSTANT_CONVERSION = YES;
				CLANG_WARN_DEPRECATED_OBJC_IMPLEMENTATIONS = YES;
				CLANG_WARN_DIRECT_OBJC_ISA_USAGE = YES_ERROR;
				CLANG_WARN_DOCUMENTATION_COMMENTS = YES;
				CLANG_WARN_EMPTY_BODY = YES;
				CLANG_WARN_ENUM_CONVERSION = YES;
				CLANG_WARN_INFINITE_RECURSION = YES;
				CLANG_WARN_INT_CONVERSION = YES;
				CLANG_WARN_NON_LITERAL_NULL_CONVERSION = YES;
				CLANG_WARN_OBJC_IMPLICIT_RETAIN_SELF = YES;
				CLANG_WARN_OBJC_LITERAL_CONVERSION = YES;
				CLANG_WARN_OBJC_ROOT_CLASS = YES_ERROR;
				CLANG_WARN_RANGE_LOOP_ANALYSIS = YES;
				CLANG_WARN_STRICT_PROTOTYPES = YES;
				CLANG_WARN_SUSPICIOUS_MOVE = YES;
				CLANG_WARN_UNGUARDED_AVAILABILITY = YES_AGGRESSIVE;
				CLANG_WARN_UNREACHABLE_CODE = YES;
				CLANG_WARN__DUPLICATE_METHOD_MATCH = YES;
				CODE_SIGN_IDENTITY = "iPhone Developer";
				COPY_PHASE_STRIP = NO;
				DEBUG_INFORMATION_FORMAT = dwarf;
				ENABLE_STRICT_OBJC_MSGSEND = YES;
				ENABLE_TESTABILITY = YES;
				GCC_C_LANGUAGE_STANDARD = gnu11;
				GCC_DYNAMIC_NO_PIC = NO;
				GCC_NO_COMMON_BLOCKS = YES;
				GCC_OPTIMIZATION_LEVEL = 0;
				GCC_PREPROCESSOR_DEFINITIONS = (
					"DEBUG=1",
					"$(inherited)",
				);
				GCC_WARN_64_TO_32_BIT_CONVERSION = YES;
				GCC_WARN_ABOUT_RETURN_TYPE = YES_ERROR;
				GCC_WARN_UNDECLARED_SELECTOR = YES;
				GCC_WARN_UNINITIALIZED_AUTOS = YES_AGGRESSIVE;
				GCC_WARN_UNUSED_FUNCTION = YES;
				GCC_WARN_UNUSED_VARIABLE = YES;
				IPHONEOS_DEPLOYMENT_TARGET = 12.0;
				MTL_ENABLE_DEBUG_INFO = INCLUDE_SOURCE;
				MTL_FAST_MATH = YES;
				ONLY_ACTIVE_ARCH = YES;
				SDKROOT = iphoneos;
				SWIFT_ACTIVE_COMPILATION_CONDITIONS = DEBUG;
				SWIFT_OPTIMIZATION_LEVEL = "-Onone";
			};
			name = Debug;
		};
		78988D08214EC93300A2EFE5 /* Release */ = {
			isa = XCBuildConfiguration;
			buildSettings = {
				ALWAYS_SEARCH_USER_PATHS = NO;
				CLANG_ANALYZER_NONNULL = YES;
				CLANG_ANALYZER_NUMBER_OBJECT_CONVERSION = YES_AGGRESSIVE;
				CLANG_CXX_LANGUAGE_STANDARD = "gnu++14";
				CLANG_CXX_LIBRARY = "libc++";
				CLANG_ENABLE_MODULES = YES;
				CLANG_ENABLE_OBJC_ARC = YES;
				CLANG_ENABLE_OBJC_WEAK = YES;
				CLANG_WARN_BLOCK_CAPTURE_AUTORELEASING = YES;
				CLANG_WARN_BOOL_CONVERSION = YES;
				CLANG_WARN_COMMA = YES;
				CLANG_WARN_CONSTANT_CONVERSION = YES;
				CLANG_WARN_DEPRECATED_OBJC_IMPLEMENTATIONS = YES;
				CLANG_WARN_DIRECT_OBJC_ISA_USAGE = YES_ERROR;
				CLANG_WARN_DOCUMENTATION_COMMENTS = YES;
				CLANG_WARN_EMPTY_BODY = YES;
				CLANG_WARN_ENUM_CONVERSION = YES;
				CLANG_WARN_INFINITE_RECURSION = YES;
				CLANG_WARN_INT_CONVERSION = YES;
				CLANG_WARN_NON_LITERAL_NULL_CONVERSION = YES;
				CLANG_WARN_OBJC_IMPLICIT_RETAIN_SELF = YES;
				CLANG_WARN_OBJC_LITERAL_CONVERSION = YES;
				CLANG_WARN_OBJC_ROOT_CLASS = YES_ERROR;
				CLANG_WARN_RANGE_LOOP_ANALYSIS = YES;
				CLANG_WARN_STRICT_PROTOTYPES = YES;
				CLANG_WARN_SUSPICIOUS_MOVE = YES;
				CLANG_WARN_UNGUARDED_AVAILABILITY = YES_AGGRESSIVE;
				CLANG_WARN_UNREACHABLE_CODE = YES;
				CLANG_WARN__DUPLICATE_METHOD_MATCH = YES;
				CODE_SIGN_IDENTITY = "iPhone Developer";
				COPY_PHASE_STRIP = NO;
				DEBUG_INFORMATION_FORMAT = "dwarf-with-dsym";
				ENABLE_NS_ASSERTIONS = NO;
				ENABLE_STRICT_OBJC_MSGSEND = YES;
				GCC_C_LANGUAGE_STANDARD = gnu11;
				GCC_NO_COMMON_BLOCKS = YES;
				GCC_WARN_64_TO_32_BIT_CONVERSION = YES;
				GCC_WARN_ABOUT_RETURN_TYPE = YES_ERROR;
				GCC_WARN_UNDECLARED_SELECTOR = YES;
				GCC_WARN_UNINITIALIZED_AUTOS = YES_AGGRESSIVE;
				GCC_WARN_UNUSED_FUNCTION = YES;
				GCC_WARN_UNUSED_VARIABLE = YES;
				IPHONEOS_DEPLOYMENT_TARGET = 12.0;
				MTL_ENABLE_DEBUG_INFO = NO;
				MTL_FAST_MATH = YES;
				SDKROOT = iphoneos;
				SWIFT_COMPILATION_MODE = wholemodule;
				SWIFT_OPTIMIZATION_LEVEL = "-O";
				VALIDATE_PRODUCT = YES;
			};
			name = Release;
		};
		78988D0A214EC93300A2EFE5 /* Debug */ = {
			isa = XCBuildConfiguration;
			buildSettings = {
				ASSETCATALOG_COMPILER_APPICON_NAME = AppIcon;
				CODE_SIGN_STYLE = Automatic;
				DEVELOPMENT_TEAM = T86PA97827;
				INFOPLIST_FILE = MogenTest/Info.plist;
				LD_RUNPATH_SEARCH_PATHS = (
					"$(inherited)",
					"@executable_path/Frameworks",
				);
				PRODUCT_BUNDLE_IDENTIFIER = com.willtellis.MogenTest;
				PRODUCT_NAME = "$(TARGET_NAME)";
				SWIFT_VERSION = 4.2;
				TARGETED_DEVICE_FAMILY = "1,2";
			};
			name = Debug;
		};
		78988D0B214EC93300A2EFE5 /* Release */ = {
			isa = XCBuildConfiguration;
			buildSettings = {
				ASSETCATALOG_COMPILER_APPICON_NAME = AppIcon;
				CODE_SIGN_STYLE = Automatic;
				DEVELOPMENT_TEAM = T86PA97827;
				INFOPLIST_FILE = MogenTest/Info.plist;
				LD_RUNPATH_SEARCH_PATHS = (
					"$(inherited)",
					"@executable_path/Frameworks",
				);
				PRODUCT_BUNDLE_IDENTIFIER = com.willtellis.MogenTest;
				PRODUCT_NAME = "$(TARGET_NAME)";
				SWIFT_VERSION = 4.2;
				TARGETED_DEVICE_FAMILY = "1,2";
			};
			name = Release;
		};
		78988D0D214EC93300A2EFE5 /* Debug */ = {
			isa = XCBuildConfiguration;
			buildSettings = {
				ALWAYS_EMBED_SWIFT_STANDARD_LIBRARIES = YES;
				BUNDLE_LOADER = "$(TEST_HOST)";
				CODE_SIGN_STYLE = Automatic;
				INFOPLIST_FILE = MogenTestTests/Info.plist;
				LD_RUNPATH_SEARCH_PATHS = (
					"$(inherited)",
					"@executable_path/Frameworks",
					"@loader_path/Frameworks",
				);
				PRODUCT_BUNDLE_IDENTIFIER = com.willelliswillowtree.MogenTestTests;
				PRODUCT_NAME = "$(TARGET_NAME)";
				SWIFT_VERSION = 4.2;
				TARGETED_DEVICE_FAMILY = "1,2";
				TEST_HOST = "$(BUILT_PRODUCTS_DIR)/MogenTest.app/MogenTest";
			};
			name = Debug;
		};
		78988D0E214EC93300A2EFE5 /* Release */ = {
			isa = XCBuildConfiguration;
			buildSettings = {
				ALWAYS_EMBED_SWIFT_STANDARD_LIBRARIES = YES;
				BUNDLE_LOADER = "$(TEST_HOST)";
				CODE_SIGN_STYLE = Automatic;
				INFOPLIST_FILE = MogenTestTests/Info.plist;
				LD_RUNPATH_SEARCH_PATHS = (
					"$(inherited)",
					"@executable_path/Frameworks",
					"@loader_path/Frameworks",
				);
				PRODUCT_BUNDLE_IDENTIFIER = com.willelliswillowtree.MogenTestTests;
				PRODUCT_NAME = "$(TARGET_NAME)";
				SWIFT_VERSION = 4.2;
				TARGETED_DEVICE_FAMILY = "1,2";
				TEST_HOST = "$(BUILT_PRODUCTS_DIR)/MogenTest.app/MogenTest";
			};
			name = Release;
		};
/* End XCBuildConfiguration section */

/* Begin XCConfigurationList section */
		78988CE4214EC93100A2EFE5 /* Build configuration list for PBXProject "MogenTest" */ = {
			isa = XCConfigurationList;
			buildConfigurations = (
				78988D07214EC93300A2EFE5 /* Debug */,
				78988D08214EC93300A2EFE5 /* Release */,
			);
			defaultConfigurationIsVisible = 0;
			defaultConfigurationName = Release;
		};
		78988D09214EC93300A2EFE5 /* Build configuration list for PBXNativeTarget "MogenTest" */ = {
			isa = XCConfigurationList;
			buildConfigurations = (
				78988D0A214EC93300A2EFE5 /* Debug */,
				78988D0B214EC93300A2EFE5 /* Release */,
			);
			defaultConfigurationIsVisible = 0;
			defaultConfigurationName = Release;
		};
		78988D0C214EC93300A2EFE5 /* Build configuration list for PBXNativeTarget "MogenTestTests" */ = {
			isa = XCConfigurationList;
			buildConfigurations = (
				78988D0D214EC93300A2EFE5 /* Debug */,
				78988D0E214EC93300A2EFE5 /* Release */,
			);
			defaultConfigurationIsVisible = 0;
			defaultConfigurationName = Release;
		};
/* End XCConfigurationList section */

/* Begin XCVersionGroup section */
		78988CF3214EC93100A2EFE5 /* MogenTest.xcdatamodeld */ = {
			isa = XCVersionGroup;
			children = (
				78988CF4214EC93100A2EFE5 /* MogenTest.xcdatamodel */,
			);
			currentVersion = 78988CF4214EC93100A2EFE5 /* MogenTest.xcdatamodel */;
			path = MogenTest.xcdatamodeld;
			sourceTree = "<group>";
			versionGroupType = wrapper.xcdatamodel;
		};
/* End XCVersionGroup section */
	};
	rootObject = 78988CE1214EC93100A2EFE5 /* Project object */;
}
